Microsoft Visual Studio Solution File, Format Version 12.00
# Visual Studio Version 16
VisualStudioVersion = 16.0.31205.134
MinimumVisualStudioVersion = 10.0.40219.1
Project("{9A19103F-16F7-4668-BE54-9A1E7A4F7556}") = "R6FP", "R6FP.csproj", "{F1EA1DA9-1705-404F-96F6-16DC97A3219A}"
EndProject
Global
	GlobalSection(SolutionConfigurationPlatforms) = preSolution
		Debug|Any CPU = Debug|Any CPU
		Release|Any CPU = Release|Any CPU
	EndGlobalSection
	GlobalSection(ProjectConfigurationPlatforms) = postSolution
		{F1EA1DA9-1705-404F-96F6-16DC97A3219A}.Debug|Any CPU.ActiveCfg = Debug|Any CPU
		{F1EA1DA9-1705-404F-96F6-16DC97A3219A}.Debug|Any CPU.Build.0 = Debug|Any CPU
		{F1EA1DA9-1705-404F-96F6-16DC97A3219A}.Release|Any CPU.ActiveCfg = Release|Any CPU
		{F1EA1DA9-1705-404F-96F6-16DC97A3219A}.Release|Any CPU.Build.0 = Release|Any CPU
	EndGlobalSection
	GlobalSection(SolutionProperties) = preSolution
		HideSolutionNode = FALSE
	EndGlobalSection
	GlobalSection(ExtensibilityGlobals) = postSolution
		SolutionGuid = {9821253F-FF2F-479D-8AFB-385DB5FCB39E}
	EndGlobalSection
EndGlobal
